{
  "name": "wx-code",
  "version": "1.0.0",
  "lockfileVersion": 3,
  "requires": true,
  "packages": {
    "": {
      "name": "wx-code",
      "version": "1.0.0",
      "license": "ISC",
      "dependencies": {
        "@vant/weapp": "^1.11.7",
        "tdesign-miniprogram": "^1.9.4"
      }
    },
    "node_modules/@vant/weapp": {
      "version": "1.11.7",
      "resolved": "https://registry.npmmirror.com/@vant/weapp/-/weapp-1.11.7.tgz",
      "integrity": "sha512-Rwn9BBnb4kHSV4XmvBicwtd42J+amEUfnFDcXJsGNPNX4a9c/DoT6YLsm4X1wB2+sQbdiQsbFBLAvGRBxCkD8g==",
      "license": "MIT"
    },
    "node_modules/tdesign-miniprogram": {
      "version": "1.9.4",
      "resolved": "https://registry.npmmirror.com/tdesign-miniprogram/-/tdesign-miniprogram-1.9.4.tgz",
      "integrity": "sha512-dc/V53tTmmrHGzrXclBK56h06nq3vo7GQgBTgiVtlAU5Mp/R/a50axswUKf7W3311rKb8Cuj3F3c45kmkBVPRQ==",
      "license": "MIT"
    }
  }
}
